<?xml version="1.0" encoding="utf-8"?>
<Project ToolsVersion="4.0" xmlns="http://schemas.microsoft.com/developer/msbuild/2003">
  <ItemGroup>
    <Filter Include="Source Files">
      <UniqueIdentifier>{4FC737F1-C7A5-4376-A066-2A32D752A2FF}</UniqueIdentifier>
      <Extensions>cpp;c;cc;cxx;def;odl;idl;hpj;bat;asm;asmx</Extensions>
    </Filter>
    <Filter Include="Header Files">
      <UniqueIdentifier>{93995380-89BD-4b04-88EB-625FBE52EBFB}</UniqueIdentifier>
      <Extensions>h;hh;hpp;hxx;hm;inl;inc;xsd</Extensions>
    </Filter>
    <Filter Include="Resource Files">
      <UniqueIdentifier>{67DA6AB6-F800-4c08-8B7A-83BB121AAD01}</UniqueIdentifier>
      <Extensions>rc;ico;cur;bmp;dlg;rc2;rct;bin;rgs;gif;jpg;jpeg;jpe;resx;tiff;tif;png;wav;mfcribbon-ms</Extensions>
    </Filter>
    <Filter Include="matrix">
      <UniqueIdentifier>{70834149-5aec-434e-be6d-055bce74639f}</UniqueIdentifier>
    </Filter>
  </ItemGroup>
  <ItemGroup>
    <Text Include="ReadMe.txt" />
  </ItemGroup>
  <ItemGroup>
    <ClInclude Include="..\..\src\camera\camera.h">
      <Filter>Header Files</Filter>
    </ClInclude>
    <ClInclude Include="..\..\src\eigen_defs.h">
      <Filter>Header Files</Filter>
    </ClInclude>
    <ClInclude Include="..\..\src\test\datasets.h">
      <Filter>Header Files</Filter>
    </ClInclude>
    <ClInclude Include="..\..\src\matrix\homography_solver.h">
      <Filter>matrix</Filter>
    </ClInclude>
    <ClInclude Include="..\..\src\matrix\essential_solver.h">
      <Filter>matrix</Filter>
    </ClInclude>
    <ClInclude Include="..\..\src\matrix\matrix_utils.h">
      <Filter>matrix</Filter>
    </ClInclude>
    <ClInclude Include="..\..\src\matrix\orientation_form_matrix.h">
      <Filter>matrix</Filter>
    </ClInclude>
  </ItemGroup>
  <ItemGroup>
    <ClCompile Include="StereoV3DCode.cpp">
      <Filter>Source Files</Filter>
    </ClCompile>
    <ClCompile Include="..\..\src\test\datasets.cpp">
      <Filter>Source Files</Filter>
    </ClCompile>
    <ClCompile Include="..\..\src\matrix\homography_solver.cpp">
      <Filter>matrix</Filter>
    </ClCompile>
    <ClCompile Include="..\..\src\matrix\essential_solver.cpp">
      <Filter>matrix</Filter>
    </ClCompile>
    <ClCompile Include="..\..\src\matrix\matrix_utils.cpp">
      <Filter>matrix</Filter>
    </ClCompile>
    <ClCompile Include="..\..\src\matrix\orientation_form_matrix.cpp">
      <Filter>matrix</Filter>
    </ClCompile>
  </ItemGroup>
</Project>